// !$*UTF8*$!
{
	archiveVersion = 1;
	classes = {
	};
	objectVersion = 77;
	objects = {

/* Begin PBXBuildFile section */
		00B0AA221D2704D8383A19E6 /* PlayerIdentityStore.swift in Sources */ = {isa = PBXBuildFile; fileRef = 474F6607C6EF2CDDE48FCDF5 /* PlayerIdentityStore.swift */; };
		020847E398F2A9D38A2720DB /* CounterCodec.swift in Sources */ = {isa = PBXBuildFile; fileRef = A1B5E2E6D3523451131D6323 /* CounterCodec.swift */; };
		17619AAA8C32B3F58CAA4125 /* CounterService.swift in Sources */ = {isa = PBXBuildFile; fileRef = 2FD2B1A909B797795A1533BA /* CounterService.swift */; };
		1B1DAFF096907932D0431D0A /* MetalSurface.swift in Sources */ = {isa = PBXBuildFile; fileRef = 69CD538AD36F4FAB0E2DE5AE /* MetalSurface.swift */; };
		1EA01DE331DBD8ABF1443EEE /* Assets.xcassets in Resources */ = {isa = PBXBuildFile; fileRef = 2DED67B89D9B1D94B0CBE06C /* Assets.xcassets */; };
		1F1B9BAD7C897C64D47296EF /* WahOutboxTests.swift in Sources */ = {isa = PBXBuildFile; fileRef = CBFE12B2709D13F3D4B0B18E /* WahOutboxTests.swift */; };
		1F4F96C24625DEC9F4196702 /* PrivacyInfo.xcprivacy in Resources */ = {isa = PBXBuildFile; fileRef = 8CC372A67362C57DE9EBB262 /* PrivacyInfo.xcprivacy */; };
		2FB859F329436C46F088E105 /* ToySimulationTests.swift in Sources */ = {isa = PBXBuildFile; fileRef = AD2C879534D119ECFEE6D448 /* ToySimulationTests.swift */; };
		379876F49D064C15F8F60993 /* zhuzhiliao-loop.m4a in Resources */ = {isa = PBXBuildFile; fileRef = 30004BBB09AF0718710FC82A /* zhuzhiliao-loop.m4a */; };
		397EC02AA989F970341F3775 /* EarthBoundaryLoader.swift in Sources */ = {isa = PBXBuildFile; fileRef = C79954AC29DD04502A8547A4 /* EarthBoundaryLoader.swift */; };
		421251D66D44748F8C7D1E82 /* EarthMetalSurface.swift in Sources */ = {isa = PBXBuildFile; fileRef = 9E94B4DF5E0D92568E6169B5 /* EarthMetalSurface.swift */; };
		4324C25CA6E8E2988AAC1CB7 /* MetalRenderer.swift in Sources */ = {isa = PBXBuildFile; fileRef = E210088C96B2163A7E7B033A /* MetalRenderer.swift */; };
		444F16515F0614D1139B879A /* MatrixMath.swift in Sources */ = {isa = PBXBuildFile; fileRef = 3E20C0A95C70EF4DDCBD2BA0 /* MatrixMath.swift */; };
		4736DC2D3C44B6CE7D4EC7AD /* MotionController.swift in Sources */ = {isa = PBXBuildFile; fileRef = FC6C4AB2C3747172AA234C77 /* MotionController.swift */; };
		4C1619F1DEDB2B6189743AED /* WahOutbox.swift in Sources */ = {isa = PBXBuildFile; fileRef = 9D357BD872CCDE095BA20310 /* WahOutbox.swift */; };
		4F35CCAC2FEBC4E8DBF5B6AC /* SeasonTheme.swift in Sources */ = {isa = PBXBuildFile; fileRef = EB98128E240C724680259153 /* SeasonTheme.swift */; };
		595E619532C58851ECED417A /* RenderSnapshot.swift in Sources */ = {isa = PBXBuildFile; fileRef = FFC69EE99F7D36A13150BC17 /* RenderSnapshot.swift */; };
		632371D48925BBA6072BFC42 /* ThemePickerView.swift in Sources */ = {isa = PBXBuildFile; fileRef = 2009D0FB6A4CDA0A6900C54C /* ThemePickerView.swift */; };
		69C347CD110E3737E6CA5E0E /* ne_110m_admin_0_countries.geojson in Resources */ = {isa = PBXBuildFile; fileRef = DBDDEBC063FCE340713318B6 /* ne_110m_admin_0_countries.geojson */; };
		70623662CCC47FD67528C148 /* Shaders.metal in Sources */ = {isa = PBXBuildFile; fileRef = 158E5F7EDC3D86D020823A6F /* Shaders.metal */; };
		71F8CD560EABE42ECB338256 /* SeasonalGlass.swift in Sources */ = {isa = PBXBuildFile; fileRef = 55919D54FA2BE9868ED30E50 /* SeasonalGlass.swift */; };
		7615960140B6B967D19C87A8 /* ZhuZhiLiaoApp.swift in Sources */ = {isa = PBXBuildFile; fileRef = 0FB32B89136CB0CC426F50DC /* ZhuZhiLiaoApp.swift */; };
		85D24223A6DAB41B473ECAAE /* MotionSampleFilter.swift in Sources */ = {isa = PBXBuildFile; fileRef = 7D81DA45CC67961FFAF50308 /* MotionSampleFilter.swift */; };
		929AA2BD94E2EFDD87E11EA3 /* ToyAudioEngine.swift in Sources */ = {isa = PBXBuildFile; fileRef = 7A09BC70309ABBB5DED4F809 /* ToyAudioEngine.swift */; };
		997BBC4085E8ADFD7D4416D7 /* MeshGenerator.swift in Sources */ = {isa = PBXBuildFile; fileRef = 3DB3D9C2620F8EE2B4121D9F /* MeshGenerator.swift */; };
		A22D481D65ECFA4BC93A79B6 /* LeaderboardView.swift in Sources */ = {isa = PBXBuildFile; fileRef = 5E6B6662CA887DC8F34E2F96 /* LeaderboardView.swift */; };
		A6D8CC81CC79B47B1C44C66A /* EarthLocationService.swift in Sources */ = {isa = PBXBuildFile; fileRef = 98FFB0CB34DC00C0D234FAC5 /* EarthLocationService.swift */; };
		A8152964A46D4751C613073D /* CounterCodecTests.swift in Sources */ = {isa = PBXBuildFile; fileRef = 1339F89C9DB3E1244702245D /* CounterCodecTests.swift */; };
		AB079BA4AB1E2D0FC35ADA81 /* ContentView.swift in Sources */ = {isa = PBXBuildFile; fileRef = 3CC88CB70B0B26E0E40C92A2 /* ContentView.swift */; };
		AE5B07B6A3884EB093B25B83 /* SafetyIntroduction.swift in Sources */ = {isa = PBXBuildFile; fileRef = FE2AB8F673051416EF80413C /* SafetyIntroduction.swift */; };
		B40D27ABF46D1EA3F6727AE0 /* OrbitCounterTests.swift in Sources */ = {isa = PBXBuildFile; fileRef = 1C8F2FF197D0D52D002B9885 /* OrbitCounterTests.swift */; };
		B5350D5475F7D69F242F02C8 /* OrbitCounter.swift in Sources */ = {isa = PBXBuildFile; fileRef = 03C667CBC2828B7A0C483668 /* OrbitCounter.swift */; };
		BEA66C81B2E78AFBF5EE1E1D /* AboutView.swift in Sources */ = {isa = PBXBuildFile; fileRef = DC739EF9579922E23C277255 /* AboutView.swift */; };
		C36D6ABDD40E44DDBE49EC9A /* MotionSampleFilterTests.swift in Sources */ = {isa = PBXBuildFile; fileRef = 4EA4F205DBB136C692D9B87C /* MotionSampleFilterTests.swift */; };
		C879664EB9EA6773D56E99CC /* ToySimulation.swift in Sources */ = {isa = PBXBuildFile; fileRef = CF9E4CE0A33ADC081A891C6A /* ToySimulation.swift */; };
		C91158065EC8B647A0CCF75E /* ExperienceCoordinator.swift in Sources */ = {isa = PBXBuildFile; fileRef = AF143CF9EB5830A32607B531 /* ExperienceCoordinator.swift */; };
		C9CB9D7F85531A4024CA7711 /* EarthFeatureModel.swift in Sources */ = {isa = PBXBuildFile; fileRef = C14C519D59D54689EDA018E1 /* EarthFeatureModel.swift */; };
		CD3BD289AAE7924947243A2F /* ne_110m_admin_1_states_provinces.geojson in Resources */ = {isa = PBXBuildFile; fileRef = 3D8A61DD8430C8A603FC3503 /* ne_110m_admin_1_states_provinces.geojson */; };
		D05431FD14D08EF864F994A8 /* WahEarthView.swift in Sources */ = {isa = PBXBuildFile; fileRef = 3888F755A1A7DCE0D4A2ADD4 /* WahEarthView.swift */; };
		DE1D9C01975C6647990EDECA /* SeasonThemeTests.swift in Sources */ = {isa = PBXBuildFile; fileRef = C744EA59BFA4BF86EAA05D79 /* SeasonThemeTests.swift */; };
		F2D8245CFDBE9EECAB683B78 /* ExperienceHUD.swift in Sources */ = {isa = PBXBuildFile; fileRef = B1D77CC885FE618B0C073225 /* ExperienceHUD.swift */; };
		FD5372C5EEB95E39B0B89BAD /* EarthMetalRenderer.swift in Sources */ = {isa = PBXBuildFile; fileRef = 26D8EB7F97ED9AD0E4DE63DE /* EarthMetalRenderer.swift */; };
		FE382EB5E1E05FA80375B5FB /* AboutViewTests.swift in Sources */ = {isa = PBXBuildFile; fileRef = FDA2DEA8796C99B2DF5E25C3 /* AboutViewTests.swift */; };
/* End PBXBuildFile section */

/* Begin PBXContainerItemProxy section */
		48EE99335F723441790D648A /* PBXContainerItemProxy */ = {
			isa = PBXContainerItemProxy;
			containerPortal = 243FF83A3FDDF28A081B6A08 /* Project object */;
			proxyType = 1;
			remoteGlobalIDString = 6526F7BC11298BBBDFEB8C06;
			remoteInfo = ZhuZhiLiao;
		};
/* End PBXContainerItemProxy section */

/* Begin PBXFileReference section */
		03C667CBC2828B7A0C483668 /* OrbitCounter.swift */ = {isa = PBXFileReference; lastKnownFileType = sourcecode.swift; path = OrbitCounter.swift; sourceTree = "<group>"; };
		0FB32B89136CB0CC426F50DC /* ZhuZhiLiaoApp.swift */ = {isa = PBXFileReference; lastKnownFileType = sourcecode.swift; path = ZhuZhiLiaoApp.swift; sourceTree = "<group>"; };
		1339F89C9DB3E1244702245D /* CounterCodecTests.swift */ = {isa = PBXFileReference; lastKnownFileType = sourcecode.swift; path = CounterCodecTests.swift; sourceTree = "<group>"; };
		158E5F7EDC3D86D020823A6F /* Shaders.metal */ = {isa = PBXFileReference; lastKnownFileType = sourcecode.metal; path = Shaders.metal; sourceTree = "<group>"; };
		18FD2201EA9E8EA1629903A1 /* ZhuZhiLiaoTests.xctest */ = {isa = PBXFileReference; includeInIndex = 0; lastKnownFileType = wrapper.cfbundle; path = ZhuZhiLiaoTests.xctest; sourceTree = BUILT_PRODUCTS_DIR; };
		1C8F2FF197D0D52D002B9885 /* OrbitCounterTests.swift */ = {isa = PBXFileReference; lastKnownFileType = sourcecode.swift; path = OrbitCounterTests.swift; sourceTree = "<group>"; };
		2009D0FB6A4CDA0A6900C54C /* ThemePickerView.swift */ = {isa = PBXFileReference; lastKnownFileType = sourcecode.swift; path = ThemePickerView.swift; sourceTree = "<group>"; };
		26D8EB7F97ED9AD0E4DE63DE /* EarthMetalRenderer.swift */ = {isa = PBXFileReference; lastKnownFileType = sourcecode.swift; path = EarthMetalRenderer.swift; sourceTree = "<group>"; };
		2DED67B89D9B1D94B0CBE06C /* Assets.xcassets */ = {isa = PBXFileReference; lastKnownFileType = folder.assetcatalog; path = Assets.xcassets; sourceTree = "<group>"; };
		2FD2B1A909B797795A1533BA /* CounterService.swift */ = {isa = PBXFileReference; lastKnownFileType = sourcecode.swift; path = CounterService.swift; sourceTree = "<group>"; };
		30004BBB09AF0718710FC82A /* zhuzhiliao-loop.m4a */ = {isa = PBXFileReference; path = "zhuzhiliao-loop.m4a"; sourceTree = "<group>"; };
		3888F755A1A7DCE0D4A2ADD4 /* WahEarthView.swift */ = {isa = PBXFileReference; lastKnownFileType = sourcecode.swift; path = WahEarthView.swift; sourceTree = "<group>"; };
		3CC88CB70B0B26E0E40C92A2 /* ContentView.swift */ = {isa = PBXFileReference; lastKnownFileType = sourcecode.swift; path = ContentView.swift; sourceTree = "<group>"; };
		3D8A61DD8430C8A603FC3503 /* ne_110m_admin_1_states_provinces.geojson */ = {isa = PBXFileReference; path = ne_110m_admin_1_states_provinces.geojson; sourceTree = "<group>"; };
		3DB3D9C2620F8EE2B4121D9F /* MeshGenerator.swift */ = {isa = PBXFileReference; lastKnownFileType = sourcecode.swift; path = MeshGenerator.swift; sourceTree = "<group>"; };
		3E20C0A95C70EF4DDCBD2BA0 /* MatrixMath.swift */ = {isa = PBXFileReference; lastKnownFileType = sourcecode.swift; path = MatrixMath.swift; sourceTree = "<group>"; };
		474F6607C6EF2CDDE48FCDF5 /* PlayerIdentityStore.swift */ = {isa = PBXFileReference; lastKnownFileType = sourcecode.swift; path = PlayerIdentityStore.swift; sourceTree = "<group>"; };
		4EA4F205DBB136C692D9B87C /* MotionSampleFilterTests.swift */ = {isa = PBXFileReference; lastKnownFileType = sourcecode.swift; path = MotionSampleFilterTests.swift; sourceTree = "<group>"; };
		55919D54FA2BE9868ED30E50 /* SeasonalGlass.swift */ = {isa = PBXFileReference; lastKnownFileType = sourcecode.swift; path = SeasonalGlass.swift; sourceTree = "<group>"; };
		5E6B6662CA887DC8F34E2F96 /* LeaderboardView.swift */ = {isa = PBXFileReference; lastKnownFileType = sourcecode.swift; path = LeaderboardView.swift; sourceTree = "<group>"; };
		69CD538AD36F4FAB0E2DE5AE /* MetalSurface.swift */ = {isa = PBXFileReference; lastKnownFileType = sourcecode.swift; path = MetalSurface.swift; sourceTree = "<group>"; };
		7A09BC70309ABBB5DED4F809 /* ToyAudioEngine.swift */ = {isa = PBXFileReference; lastKnownFileType = sourcecode.swift; path = ToyAudioEngine.swift; sourceTree = "<group>"; };
		7D81DA45CC67961FFAF50308 /* MotionSampleFilter.swift */ = {isa = PBXFileReference; lastKnownFileType = sourcecode.swift; path = MotionSampleFilter.swift; sourceTree = "<group>"; };
		83DD15E3A8D117A21ADCEA90 /* 赛博竹知了.app */ = {isa = PBXFileReference; includeInIndex = 0; lastKnownFileType = wrapper.application; path = "赛博竹知了.app"; sourceTree = BUILT_PRODUCTS_DIR; };
		8CC372A67362C57DE9EBB262 /* PrivacyInfo.xcprivacy */ = {isa = PBXFileReference; path = PrivacyInfo.xcprivacy; sourceTree = "<group>"; };
		98FFB0CB34DC00C0D234FAC5 /* EarthLocationService.swift */ = {isa = PBXFileReference; lastKnownFileType = sourcecode.swift; path = EarthLocationService.swift; sourceTree = "<group>"; };
		9D357BD872CCDE095BA20310 /* WahOutbox.swift */ = {isa = PBXFileReference; lastKnownFileType = sourcecode.swift; path = WahOutbox.swift; sourceTree = "<group>"; };
		9E94B4DF5E0D92568E6169B5 /* EarthMetalSurface.swift */ = {isa = PBXFileReference; lastKnownFileType = sourcecode.swift; path = EarthMetalSurface.swift; sourceTree = "<group>"; };
		A1B5E2E6D3523451131D6323 /* CounterCodec.swift */ = {isa = PBXFileReference; lastKnownFileType = sourcecode.swift; path = CounterCodec.swift; sourceTree = "<group>"; };
		AD2C879534D119ECFEE6D448 /* ToySimulationTests.swift */ = {isa = PBXFileReference; lastKnownFileType = sourcecode.swift; path = ToySimulationTests.swift; sourceTree = "<group>"; };
		AF143CF9EB5830A32607B531 /* ExperienceCoordinator.swift */ = {isa = PBXFileReference; lastKnownFileType = sourcecode.swift; path = ExperienceCoordinator.swift; sourceTree = "<group>"; };
		B1D77CC885FE618B0C073225 /* ExperienceHUD.swift */ = {isa = PBXFileReference; lastKnownFileType = sourcecode.swift; path = ExperienceHUD.swift; sourceTree = "<group>"; };
		C14C519D59D54689EDA018E1 /* EarthFeatureModel.swift */ = {isa = PBXFileReference; lastKnownFileType = sourcecode.swift; path = EarthFeatureModel.swift; sourceTree = "<group>"; };
		C744EA59BFA4BF86EAA05D79 /* SeasonThemeTests.swift */ = {isa = PBXFileReference; lastKnownFileType = sourcecode.swift; path = SeasonThemeTests.swift; sourceTree = "<group>"; };
		C79954AC29DD04502A8547A4 /* EarthBoundaryLoader.swift */ = {isa = PBXFileReference; lastKnownFileType = sourcecode.swift; path = EarthBoundaryLoader.swift; sourceTree = "<group>"; };
		CBFE12B2709D13F3D4B0B18E /* WahOutboxTests.swift */ = {isa = PBXFileReference; lastKnownFileType = sourcecode.swift; path = WahOutboxTests.swift; sourceTree = "<group>"; };
		CF9E4CE0A33ADC081A891C6A /* ToySimulation.swift */ = {isa = PBXFileReference; lastKnownFileType = sourcecode.swift; path = ToySimulation.swift; sourceTree = "<group>"; };
		DBDDEBC063FCE340713318B6 /* ne_110m_admin_0_countries.geojson */ = {isa = PBXFileReference; path = ne_110m_admin_0_countries.geojson; sourceTree = "<group>"; };
		DC739EF9579922E23C277255 /* AboutView.swift */ = {isa = PBXFileReference; lastKnownFileType = sourcecode.swift; path = AboutView.swift; sourceTree = "<group>"; };
		E210088C96B2163A7E7B033A /* MetalRenderer.swift */ = {isa = PBXFileReference; lastKnownFileType = sourcecode.swift; path = MetalRenderer.swift; sourceTree = "<group>"; };
		EB98128E240C724680259153 /* SeasonTheme.swift */ = {isa = PBXFileReference; lastKnownFileType = sourcecode.swift; path = SeasonTheme.swift; sourceTree = "<group>"; };
		F7B81477869B1CE66698D7BD /* Info.plist */ = {isa = PBXFileReference; lastKnownFileType = text.plist; path = Info.plist; sourceTree = "<group>"; };
		FC6C4AB2C3747172AA234C77 /* MotionController.swift */ = {isa = PBXFileReference; lastKnownFileType = sourcecode.swift; path = MotionController.swift; sourceTree = "<group>"; };
		FDA2DEA8796C99B2DF5E25C3 /* AboutViewTests.swift */ = {isa = PBXFileReference; lastKnownFileType = sourcecode.swift; path = AboutViewTests.swift; sourceTree = "<group>"; };
		FE2AB8F673051416EF80413C /* SafetyIntroduction.swift */ = {isa = PBXFileReference; lastKnownFileType = sourcecode.swift; path = SafetyIntroduction.swift; sourceTree = "<group>"; };
		FFC69EE99F7D36A13150BC17 /* RenderSnapshot.swift */ = {isa = PBXFileReference; lastKnownFileType = sourcecode.swift; path = RenderSnapshot.swift; sourceTree = "<group>"; };
/* End PBXFileReference section */

/* Begin PBXGroup section */
		0340383EB9EC699A99E97BDE /* Network */ = {
			isa = PBXGroup;
			children = (
				A1B5E2E6D3523451131D6323 /* CounterCodec.swift */,
				2FD2B1A909B797795A1533BA /* CounterService.swift */,
				474F6607C6EF2CDDE48FCDF5 /* PlayerIdentityStore.swift */,
				9D357BD872CCDE095BA20310 /* WahOutbox.swift */,
			);
			path = Network;
			sourceTree = "<group>";
		};
		2182E58B2E458CB57CDDD240 /* Resources */ = {
			isa = PBXGroup;
			children = (
				DBDDEBC063FCE340713318B6 /* ne_110m_admin_0_countries.geojson */,
				3D8A61DD8430C8A603FC3503 /* ne_110m_admin_1_states_provinces.geojson */,
			);
			path = Resources;
			sourceTree = "<group>";
		};
		4D7BB7552F3953C0F443A4AB /* Products */ = {
			isa = PBXGroup;
			children = (
				83DD15E3A8D117A21ADCEA90 /* 赛博竹知了.app */,
				18FD2201EA9E8EA1629903A1 /* ZhuZhiLiaoTests.xctest */,
			);
			name = Products;
			sourceTree = "<group>";
		};
		5C53237516DDC89C41C65F69 /* Motion */ = {
			isa = PBXGroup;
			children = (
				FC6C4AB2C3747172AA234C77 /* MotionController.swift */,
				7D81DA45CC67961FFAF50308 /* MotionSampleFilter.swift */,
			);
			path = Motion;
			sourceTree = "<group>";
		};
		5E3BCCEB0B94C0CC0E4E8097 = {
			isa = PBXGroup;
			children = (
				E6886D7358AE801E032043C6 /* ZhuZhiLiao */,
				CA5AE4B07AACB4AA87CA0704 /* ZhuZhiLiaoTests */,
				4D7BB7552F3953C0F443A4AB /* Products */,
			);
			sourceTree = "<group>";
		};
		A050BBC6D159884B542230FE /* Physics */ = {
			isa = PBXGroup;
			children = (
				03C667CBC2828B7A0C483668 /* OrbitCounter.swift */,
				CF9E4CE0A33ADC081A891C6A /* ToySimulation.swift */,
			);
			path = Physics;
			sourceTree = "<group>";
		};
		ABE0569F6CDACB43275701AE /* Earth */ = {
			isa = PBXGroup;
			children = (
				C79954AC29DD04502A8547A4 /* EarthBoundaryLoader.swift */,
				C14C519D59D54689EDA018E1 /* EarthFeatureModel.swift */,
				98FFB0CB34DC00C0D234FAC5 /* EarthLocationService.swift */,
				3888F755A1A7DCE0D4A2ADD4 /* WahEarthView.swift */,
				2182E58B2E458CB57CDDD240 /* Resources */,
			);
			path = Earth;
			sourceTree = "<group>";
		};
		B0A70AC71037ED88F39D8CDD /* Audio */ = {
			isa = PBXGroup;
			children = (
				7A09BC70309ABBB5DED4F809 /* ToyAudioEngine.swift */,
			);
			path = Audio;
			sourceTree = "<group>";
		};
		BB1370258B8197ACFBAFC78D /* Rendering */ = {
			isa = PBXGroup;
			children = (
				26D8EB7F97ED9AD0E4DE63DE /* EarthMetalRenderer.swift */,
				9E94B4DF5E0D92568E6169B5 /* EarthMetalSurface.swift */,
				3E20C0A95C70EF4DDCBD2BA0 /* MatrixMath.swift */,
				3DB3D9C2620F8EE2B4121D9F /* MeshGenerator.swift */,
				E210088C96B2163A7E7B033A /* MetalRenderer.swift */,
				69CD538AD36F4FAB0E2DE5AE /* MetalSurface.swift */,
				FFC69EE99F7D36A13150BC17 /* RenderSnapshot.swift */,
				158E5F7EDC3D86D020823A6F /* Shaders.metal */,
			);
			path = Rendering;
			sourceTree = "<group>";
		};
		CA5AE4B07AACB4AA87CA0704 /* ZhuZhiLiaoTests */ = {
			isa = PBXGroup;
			children = (
				FDA2DEA8796C99B2DF5E25C3 /* AboutViewTests.swift */,
				1339F89C9DB3E1244702245D /* CounterCodecTests.swift */,
				4EA4F205DBB136C692D9B87C /* MotionSampleFilterTests.swift */,
				1C8F2FF197D0D52D002B9885 /* OrbitCounterTests.swift */,
				C744EA59BFA4BF86EAA05D79 /* SeasonThemeTests.swift */,
				AD2C879534D119ECFEE6D448 /* ToySimulationTests.swift */,
				CBFE12B2709D13F3D4B0B18E /* WahOutboxTests.swift */,
			);
			path = ZhuZhiLiaoTests;
			sourceTree = "<group>";
		};
		E4640A9A850BC35C0360CE17 /* Resources */ = {
			isa = PBXGroup;
			children = (
				30004BBB09AF0718710FC82A /* zhuzhiliao-loop.m4a */,
			);
			path = Resources;
			sourceTree = "<group>";
		};
		E6886D7358AE801E032043C6 /* ZhuZhiLiao */ = {
			isa = PBXGroup;
			children = (
				2DED67B89D9B1D94B0CBE06C /* Assets.xcassets */,
				F7B81477869B1CE66698D7BD /* Info.plist */,
				8CC372A67362C57DE9EBB262 /* PrivacyInfo.xcprivacy */,
				FE0BFE4C8FFE8790E89F59A7 /* App */,
				B0A70AC71037ED88F39D8CDD /* Audio */,
				ABE0569F6CDACB43275701AE /* Earth */,
				5C53237516DDC89C41C65F69 /* Motion */,
				0340383EB9EC699A99E97BDE /* Network */,
				A050BBC6D159884B542230FE /* Physics */,
				BB1370258B8197ACFBAFC78D /* Rendering */,
				E4640A9A850BC35C0360CE17 /* Resources */,
			);
			path = ZhuZhiLiao;
			sourceTree = "<group>";
		};
		FE0BFE4C8FFE8790E89F59A7 /* App */ = {
			isa = PBXGroup;
			children = (
				DC739EF9579922E23C277255 /* AboutView.swift */,
				3CC88CB70B0B26E0E40C92A2 /* ContentView.swift */,
				AF143CF9EB5830A32607B531 /* ExperienceCoordinator.swift */,
				B1D77CC885FE618B0C073225 /* ExperienceHUD.swift */,
				5E6B6662CA887DC8F34E2F96 /* LeaderboardView.swift */,
				FE2AB8F673051416EF80413C /* SafetyIntroduction.swift */,
				55919D54FA2BE9868ED30E50 /* SeasonalGlass.swift */,
				EB98128E240C724680259153 /* SeasonTheme.swift */,
				2009D0FB6A4CDA0A6900C54C /* ThemePickerView.swift */,
				0FB32B89136CB0CC426F50DC /* ZhuZhiLiaoApp.swift */,
			);
			path = App;
			sourceTree = "<group>";
		};
/* End PBXGroup section */

/* Begin PBXNativeTarget section */
		6526F7BC11298BBBDFEB8C06 /* ZhuZhiLiao */ = {
			isa = PBXNativeTarget;
			buildConfigurationList = A5651DC0EFB0C2DBFFB46F54 /* Build configuration list for PBXNativeTarget "ZhuZhiLiao" */;
			buildPhases = (
				C08A379411BD61A2F3D0F7EA /* Sources */,
				A9CA9F2568024852EC727FB1 /* Resources */,
			);
			buildRules = (
			);
			dependencies = (
			);
			name = ZhuZhiLiao;
			packageProductDependencies = (
			);
			productName = ZhuZhiLiao;
			productReference = 83DD15E3A8D117A21ADCEA90 /* 赛博竹知了.app */;
			productType = "com.apple.product-type.application";
		};
		784DB41CFFAFA2458DD48606 /* ZhuZhiLiaoTests */ = {
			isa = PBXNativeTarget;
			buildConfigurationList = D2FB8EAC9D1994312EB3504E /* Build configuration list for PBXNativeTarget "ZhuZhiLiaoTests" */;
			buildPhases = (
				002534684BEC2FBD6404A7B0 /* Sources */,
			);
			buildRules = (
			);
			dependencies = (
				4A5EB558A6975DAC00B41FCF /* PBXTargetDependency */,
			);
			name = ZhuZhiLiaoTests;
			packageProductDependencies = (
			);
			productName = ZhuZhiLiaoTests;
			productReference = 18FD2201EA9E8EA1629903A1 /* ZhuZhiLiaoTests.xctest */;
			productType = "com.apple.product-type.bundle.unit-test";
		};
/* End PBXNativeTarget section */

/* Begin PBXProject section */
		243FF83A3FDDF28A081B6A08 /* Project object */ = {
			isa = PBXProject;
			attributes = {
				BuildIndependentTargetsInParallel = YES;
				LastUpgradeCheck = 2600;
				TargetAttributes = {
					6526F7BC11298BBBDFEB8C06 = {
						DevelopmentTeam = RH9H7T7RBU;
					};
				};
			};
			buildConfigurationList = 24385183763851B483C45BF3 /* Build configuration list for PBXProject "ZhuZhiLiao" */;
			developmentRegion = en;
			hasScannedForEncodings = 0;
			knownRegions = (
				Base,
				en,
			);
			mainGroup = 5E3BCCEB0B94C0CC0E4E8097;
			minimizedProjectReferenceProxies = 1;
			preferredProjectObjectVersion = 77;
			productRefGroup = 4D7BB7552F3953C0F443A4AB /* Products */;
			projectDirPath = "";
			projectRoot = "";
			targets = (
				6526F7BC11298BBBDFEB8C06 /* ZhuZhiLiao */,
				784DB41CFFAFA2458DD48606 /* ZhuZhiLiaoTests */,
			);
		};
/* End PBXProject section */

/* Begin PBXResourcesBuildPhase section */
		A9CA9F2568024852EC727FB1 /* Resources */ = {
			isa = PBXResourcesBuildPhase;
			buildActionMask = 2147483647;
			files = (
				1EA01DE331DBD8ABF1443EEE /* Assets.xcassets in Resources */,
				1F4F96C24625DEC9F4196702 /* PrivacyInfo.xcprivacy in Resources */,
				69C347CD110E3737E6CA5E0E /* ne_110m_admin_0_countries.geojson in Resources */,
				CD3BD289AAE7924947243A2F /* ne_110m_admin_1_states_provinces.geojson in Resources */,
				379876F49D064C15F8F60993 /* zhuzhiliao-loop.m4a in Resources */,
			);
			runOnlyForDeploymentPostprocessing = 0;
		};
/* End PBXResourcesBuildPhase section */

/* Begin PBXSourcesBuildPhase section */
		002534684BEC2FBD6404A7B0 /* Sources */ = {
			isa = PBXSourcesBuildPhase;
			buildActionMask = 2147483647;
			files = (
				FE382EB5E1E05FA80375B5FB /* AboutViewTests.swift in Sources */,
				A8152964A46D4751C613073D /* CounterCodecTests.swift in Sources */,
				C36D6ABDD40E44DDBE49EC9A /* MotionSampleFilterTests.swift in Sources */,
				B40D27ABF46D1EA3F6727AE0 /* OrbitCounterTests.swift in Sources */,
				DE1D9C01975C6647990EDECA /* SeasonThemeTests.swift in Sources */,
				2FB859F329436C46F088E105 /* ToySimulationTests.swift in Sources */,
				1F1B9BAD7C897C64D47296EF /* WahOutboxTests.swift in Sources */,
			);
			runOnlyForDeploymentPostprocessing = 0;
		};
		C08A379411BD61A2F3D0F7EA /* Sources */ = {
			isa = PBXSourcesBuildPhase;
			buildActionMask = 2147483647;
			files = (
				BEA66C81B2E78AFBF5EE1E1D /* AboutView.swift in Sources */,
				AB079BA4AB1E2D0FC35ADA81 /* ContentView.swift in Sources */,
				020847E398F2A9D38A2720DB /* CounterCodec.swift in Sources */,
				17619AAA8C32B3F58CAA4125 /* CounterService.swift in Sources */,
				397EC02AA989F970341F3775 /* EarthBoundaryLoader.swift in Sources */,
				C9CB9D7F85531A4024CA7711 /* EarthFeatureModel.swift in Sources */,
				A6D8CC81CC79B47B1C44C66A /* EarthLocationService.swift in Sources */,
				FD5372C5EEB95E39B0B89BAD /* EarthMetalRenderer.swift in Sources */,
				421251D66D44748F8C7D1E82 /* EarthMetalSurface.swift in Sources */,
				C91158065EC8B647A0CCF75E /* ExperienceCoordinator.swift in Sources */,
				F2D8245CFDBE9EECAB683B78 /* ExperienceHUD.swift in Sources */,
				A22D481D65ECFA4BC93A79B6 /* LeaderboardView.swift in Sources */,
				444F16515F0614D1139B879A /* MatrixMath.swift in Sources */,
				997BBC4085E8ADFD7D4416D7 /* MeshGenerator.swift in Sources */,
				4324C25CA6E8E2988AAC1CB7 /* MetalRenderer.swift in Sources */,
				1B1DAFF096907932D0431D0A /* MetalSurface.swift in Sources */,
				4736DC2D3C44B6CE7D4EC7AD /* MotionController.swift in Sources */,
				85D24223A6DAB41B473ECAAE /* MotionSampleFilter.swift in Sources */,
				B5350D5475F7D69F242F02C8 /* OrbitCounter.swift in Sources */,
				00B0AA221D2704D8383A19E6 /* PlayerIdentityStore.swift in Sources */,
				595E619532C58851ECED417A /* RenderSnapshot.swift in Sources */,
				AE5B07B6A3884EB093B25B83 /* SafetyIntroduction.swift in Sources */,
				4F35CCAC2FEBC4E8DBF5B6AC /* SeasonTheme.swift in Sources */,
				71F8CD560EABE42ECB338256 /* SeasonalGlass.swift in Sources */,
				70623662CCC47FD67528C148 /* Shaders.metal in Sources */,
				632371D48925BBA6072BFC42 /* ThemePickerView.swift in Sources */,
				929AA2BD94E2EFDD87E11EA3 /* ToyAudioEngine.swift in Sources */,
				C879664EB9EA6773D56E99CC /* ToySimulation.swift in Sources */,
				D05431FD14D08EF864F994A8 /* WahEarthView.swift in Sources */,
				4C1619F1DEDB2B6189743AED /* WahOutbox.swift in Sources */,
				7615960140B6B967D19C87A8 /* ZhuZhiLiaoApp.swift in Sources */,
			);
			runOnlyForDeploymentPostprocessing = 0;
		};
/* End PBXSourcesBuildPhase section */

/* Begin PBXTargetDependency section */
		4A5EB558A6975DAC00B41FCF /* PBXTargetDependency */ = {
			isa = PBXTargetDependency;
			target = 6526F7BC11298BBBDFEB8C06 /* ZhuZhiLiao */;
			targetProxy = 48EE99335F723441790D648A /* PBXContainerItemProxy */;
		};
/* End PBXTargetDependency section */

/* Begin XCBuildConfiguration section */
		4FA7D901C8D72A3344A0546A /* Release */ = {
			isa = XCBuildConfiguration;
			buildSettings = {
				ASSETCATALOG_COMPILER_APPICON_NAME = AppIcon;
				ASSETCATALOG_COMPILER_GLOBAL_ACCENT_COLOR_NAME = AccentColor;
				CODE_SIGN_IDENTITY = "iPhone Developer";
				CODE_SIGN_STYLE = Automatic;
				CURRENT_PROJECT_VERSION = 202608041838;
				DEVELOPMENT_TEAM = RH9H7T7RBU;
				INFOPLIST_FILE = ZhuZhiLiao/Info.plist;
				LD_RUNPATH_SEARCH_PATHS = (
					"$(inherited)",
					"@executable_path/Frameworks",
				);
				MARKETING_VERSION = 1.0.1;
				PRODUCT_BUNDLE_IDENTIFIER = com.azhegezhege.zhuzhiliao;
				PRODUCT_MODULE_NAME = ZhuZhiLiao;
				PRODUCT_NAME = "赛博竹知了";
				SDKROOT = iphoneos;
				TARGETED_DEVICE_FAMILY = 1;
			};
			name = Release;
		};
		7A8C813FF29CCBBACC718876 /* Debug */ = {
			isa = XCBuildConfiguration;
			buildSettings = {
				BUNDLE_LOADER = "$(TEST_HOST)";
				GENERATE_INFOPLIST_FILE = YES;
				LD_RUNPATH_SEARCH_PATHS = (
					"$(inherited)",
					"@executable_path/Frameworks",
					"@loader_path/Frameworks",
				);
				PRODUCT_BUNDLE_IDENTIFIER = com.azhegezhege.zhuzhiliao.tests;
				SDKROOT = iphoneos;
				TARGETED_DEVICE_FAMILY = "1,2";
				TEST_HOST = "$(BUILT_PRODUCTS_DIR)/赛博竹知了.app/$(BUNDLE_EXECUTABLE_FOLDER_PATH)/赛博竹知了";
			};
			name = Debug;
		};
		7F3C111A7FE5291CB6FC2704 /* Debug */ = {
			isa = XCBuildConfiguration;
			buildSettings = {
				ALWAYS_SEARCH_USER_PATHS = NO;
				CLANG_ANALYZER_NONNULL = YES;
				CLANG_ANALYZER_NUMBER_OBJECT_CONVERSION = YES_AGGRESSIVE;
				CLANG_CXX_LANGUAGE_STANDARD = "gnu++14";
				CLANG_CXX_LIBRARY = "libc++";
				CLANG_ENABLE_MODULES = YES;
				CLANG_ENABLE_OBJC_ARC = YES;
				CLANG_ENABLE_OBJC_WEAK = YES;
				CLANG_WARN_BLOCK_CAPTURE_AUTORELEASING = YES;
				CLANG_WARN_BOOL_CONVERSION = YES;
				CLANG_WARN_COMMA = YES;
				CLANG_WARN_CONSTANT_CONVERSION = YES;
				CLANG_WARN_DEPRECATED_OBJC_IMPLEMENTATIONS = YES;
				CLANG_WARN_DIRECT_OBJC_ISA_USAGE = YES_ERROR;
				CLANG_WARN_DOCUMENTATION_COMMENTS = YES;
				CLANG_WARN_EMPTY_BODY = YES;
				CLANG_WARN_ENUM_CONVERSION = YES;
				CLANG_WARN_INFINITE_RECURSION = YES;
				CLANG_WARN_INT_CONVERSION = YES;
				CLANG_WARN_NON_LITERAL_NULL_CONVERSION = YES;
				CLANG_WARN_OBJC_IMPLICIT_RETAIN_SELF = YES;
				CLANG_WARN_OBJC_LITERAL_CONVERSION = YES;
				CLANG_WARN_OBJC_ROOT_CLASS = YES_ERROR;
				CLANG_WARN_QUOTED_INCLUDE_IN_FRAMEWORK_HEADER = YES;
				CLANG_WARN_RANGE_LOOP_ANALYSIS = YES;
				CLANG_WARN_STRICT_PROTOTYPES = YES;
				CLANG_WARN_SUSPICIOUS_MOVE = YES;
				CLANG_WARN_UNGUARDED_AVAILABILITY = YES_AGGRESSIVE;
				CLANG_WARN_UNREACHABLE_CODE = YES;
				CLANG_WARN__DUPLICATE_METHOD_MATCH = YES;
				COPY_PHASE_STRIP = NO;
				DEBUG_INFORMATION_FORMAT = dwarf;
				ENABLE_STRICT_OBJC_MSGSEND = YES;
				ENABLE_TESTABILITY = YES;
				ENABLE_USER_SCRIPT_SANDBOXING = YES;
				GCC_C_LANGUAGE_STANDARD = gnu11;
				GCC_DYNAMIC_NO_PIC = NO;
				GCC_NO_COMMON_BLOCKS = YES;
				GCC_OPTIMIZATION_LEVEL = 0;
				GCC_PREPROCESSOR_DEFINITIONS = (
					"$(inherited)",
					"DEBUG=1",
				);
				GCC_WARN_64_TO_32_BIT_CONVERSION = YES;
				GCC_WARN_ABOUT_RETURN_TYPE = YES_ERROR;
				GCC_WARN_UNDECLARED_SELECTOR = YES;
				GCC_WARN_UNINITIALIZED_AUTOS = YES_AGGRESSIVE;
				GCC_WARN_UNUSED_FUNCTION = YES;
				GCC_WARN_UNUSED_VARIABLE = YES;
				IPHONEOS_DEPLOYMENT_TARGET = 17.0;
				MTL_ENABLE_DEBUG_INFO = INCLUDE_SOURCE;
				MTL_FAST_MATH = YES;
				ONLY_ACTIVE_ARCH = YES;
				PRODUCT_NAME = "$(TARGET_NAME)";
				SDKROOT = iphoneos;
				SWIFT_ACTIVE_COMPILATION_CONDITIONS = DEBUG;
				SWIFT_OPTIMIZATION_LEVEL = "-Onone";
				SWIFT_STRICT_CONCURRENCY = complete;
				SWIFT_VERSION = 6.0;
			};
			name = Debug;
		};
		EB0AD76A7F1685DF01A429DF /* Release */ = {
			isa = XCBuildConfiguration;
			buildSettings = {
				BUNDLE_LOADER = "$(TEST_HOST)";
				GENERATE_INFOPLIST_FILE = YES;
				LD_RUNPATH_SEARCH_PATHS = (
					"$(inherited)",
					"@executable_path/Frameworks",
					"@loader_path/Frameworks",
				);
				PRODUCT_BUNDLE_IDENTIFIER = com.azhegezhege.zhuzhiliao.tests;
				SDKROOT = iphoneos;
				TARGETED_DEVICE_FAMILY = "1,2";
				TEST_HOST = "$(BUILT_PRODUCTS_DIR)/赛博竹知了.app/$(BUNDLE_EXECUTABLE_FOLDER_PATH)/赛博竹知了";
			};
			name = Release;
		};
		EB1C758C625DAE22E1290719 /* Debug */ = {
			isa = XCBuildConfiguration;
			buildSettings = {
				ASSETCATALOG_COMPILER_APPICON_NAME = AppIcon;
				ASSETCATALOG_COMPILER_GLOBAL_ACCENT_COLOR_NAME = AccentColor;
				CODE_SIGN_IDENTITY = "Apple Development";
				CODE_SIGN_STYLE = Manual;
				CURRENT_PROJECT_VERSION = 202608041838;
				DEVELOPMENT_TEAM = RH9H7T7RBU;
				INFOPLIST_FILE = ZhuZhiLiao/Info.plist;
				LD_RUNPATH_SEARCH_PATHS = (
					"$(inherited)",
					"@executable_path/Frameworks",
				);
				MARKETING_VERSION = 1.0.1;
				PRODUCT_BUNDLE_IDENTIFIER = com.azhegezhege.zhuzhiliao;
				PRODUCT_MODULE_NAME = ZhuZhiLiao;
				PRODUCT_NAME = "赛博竹知了";
				PROVISIONING_PROFILE_SPECIFIER = "ZhuZhiLiao iPhone15pro Development";
				SDKROOT = iphoneos;
				TARGETED_DEVICE_FAMILY = 1;
			};
			name = Debug;
		};
		F2943EF27B7C3BBB950BF9DE /* Release */ = {
			isa = XCBuildConfiguration;
			buildSettings = {
				ALWAYS_SEARCH_USER_PATHS = NO;
				CLANG_ANALYZER_NONNULL = YES;
				CLANG_ANALYZER_NUMBER_OBJECT_CONVERSION = YES_AGGRESSIVE;
				CLANG_CXX_LANGUAGE_STANDARD = "gnu++14";
				CLANG_CXX_LIBRARY = "libc++";
				CLANG_ENABLE_MODULES = YES;
				CLANG_ENABLE_OBJC_ARC = YES;
				CLANG_ENABLE_OBJC_WEAK = YES;
				CLANG_WARN_BLOCK_CAPTURE_AUTORELEASING = YES;
				CLANG_WARN_BOOL_CONVERSION = YES;
				CLANG_WARN_COMMA = YES;
				CLANG_WARN_CONSTANT_CONVERSION = YES;
				CLANG_WARN_DEPRECATED_OBJC_IMPLEMENTATIONS = YES;
				CLANG_WARN_DIRECT_OBJC_ISA_USAGE = YES_ERROR;
				CLANG_WARN_DOCUMENTATION_COMMENTS = YES;
				CLANG_WARN_EMPTY_BODY = YES;
				CLANG_WARN_ENUM_CONVERSION = YES;
				CLANG_WARN_INFINITE_RECURSION = YES;
				CLANG_WARN_INT_CONVERSION = YES;
				CLANG_WARN_NON_LITERAL_NULL_CONVERSION = YES;
				CLANG_WARN_OBJC_IMPLICIT_RETAIN_SELF = YES;
				CLANG_WARN_OBJC_LITERAL_CONVERSION = YES;
				CLANG_WARN_OBJC_ROOT_CLASS = YES_ERROR;
				CLANG_WARN_QUOTED_INCLUDE_IN_FRAMEWORK_HEADER = YES;
				CLANG_WARN_RANGE_LOOP_ANALYSIS = YES;
				CLANG_WARN_STRICT_PROTOTYPES = YES;
				CLANG_WARN_SUSPICIOUS_MOVE = YES;
				CLANG_WARN_UNGUARDED_AVAILABILITY = YES_AGGRESSIVE;
				CLANG_WARN_UNREACHABLE_CODE = YES;
				CLANG_WARN__DUPLICATE_METHOD_MATCH = YES;
				COPY_PHASE_STRIP = NO;
				DEBUG_INFORMATION_FORMAT = "dwarf-with-dsym";
				ENABLE_NS_ASSERTIONS = NO;
				ENABLE_STRICT_OBJC_MSGSEND = YES;
				ENABLE_USER_SCRIPT_SANDBOXING = YES;
				GCC_C_LANGUAGE_STANDARD = gnu11;
				GCC_NO_COMMON_BLOCKS = YES;
				GCC_WARN_64_TO_32_BIT_CONVERSION = YES;
				GCC_WARN_ABOUT_RETURN_TYPE = YES_ERROR;
				GCC_WARN_UNDECLARED_SELECTOR = YES;
				GCC_WARN_UNINITIALIZED_AUTOS = YES_AGGRESSIVE;
				GCC_WARN_UNUSED_FUNCTION = YES;
				GCC_WARN_UNUSED_VARIABLE = YES;
				IPHONEOS_DEPLOYMENT_TARGET = 17.0;
				MTL_ENABLE_DEBUG_INFO = NO;
				MTL_FAST_MATH = YES;
				PRODUCT_NAME = "$(TARGET_NAME)";
				SDKROOT = iphoneos;
				SWIFT_COMPILATION_MODE = wholemodule;
				SWIFT_OPTIMIZATION_LEVEL = "-O";
				SWIFT_STRICT_CONCURRENCY = complete;
				SWIFT_VERSION = 6.0;
			};
			name = Release;
		};
/* End XCBuildConfiguration section */

/* Begin XCConfigurationList section */
		24385183763851B483C45BF3 /* Build configuration list for PBXProject "ZhuZhiLiao" */ = {
			isa = XCConfigurationList;
			buildConfigurations = (
				7F3C111A7FE5291CB6FC2704 /* Debug */,
				F2943EF27B7C3BBB950BF9DE /* Release */,
			);
			defaultConfigurationIsVisible = 0;
			defaultConfigurationName = Debug;
		};
		A5651DC0EFB0C2DBFFB46F54 /* Build configuration list for PBXNativeTarget "ZhuZhiLiao" */ = {
			isa = XCConfigurationList;
			buildConfigurations = (
				EB1C758C625DAE22E1290719 /* Debug */,
				4FA7D901C8D72A3344A0546A /* Release */,
			);
			defaultConfigurationIsVisible = 0;
			defaultConfigurationName = Debug;
		};
		D2FB8EAC9D1994312EB3504E /* Build configuration list for PBXNativeTarget "ZhuZhiLiaoTests" */ = {
			isa = XCConfigurationList;
			buildConfigurations = (
				7A8C813FF29CCBBACC718876 /* Debug */,
				EB0AD76A7F1685DF01A429DF /* Release */,
			);
			defaultConfigurationIsVisible = 0;
			defaultConfigurationName = Debug;
		};
/* End XCConfigurationList section */
	};
	rootObject = 243FF83A3FDDF28A081B6A08 /* Project object */;
}
